// !$*UTF8*$!
{
	archiveVersion = 1;
	classes = {
	};
	objectVersion = 50;
	objects = {

/* Begin PBXBuildFile section */
		4BAABC1A26772FCB001A6A32 /* AppDelegate.swift in Sources */ = {isa = PBXBuildFile; fileRef = 4BAABC1926772FCB001A6A32 /* AppDelegate.swift */; };
		4BAABC1C26772FCB001A6A32 /* ViewController.swift in Sources */ = {isa = PBXBuildFile; fileRef = 4BAABC1B26772FCB001A6A32 /* ViewController.swift */; };
		4BAABC1F26772FCB001A6A32 /* Main.storyboard in Resources */ = {isa = PBXBuildFile; fileRef = 4BAABC1D26772FCB001A6A32 /* Main.storyboard */; };
		4BAABC2226772FCB001A6A32 /* HelloWorldd.xcdatamodeld in Sources */ = {isa = PBXBuildFile; fileRef = 4BAABC2026772FCB001A6A32 /* HelloWorldd.xcdatamodeld */; };
		4BAABC2426772FCC001A6A32 /* Assets.xcassets in Resources */ = {isa = PBXBuildFile; fileRef = 4BAABC2326772FCC001A6A32 /* Assets.xcassets */; };
		4BAABC2726772FCC001A6A32 /* LaunchScreen.storyboard in Resources */ = {isa = PBXBuildFile; fileRef = 4BAABC2526772FCC001A6A32 /* LaunchScreen.storyboard */; };
/* End PBXBuildFile section */

/* Begin PBXFileReference section */
		4BAABC1626772FCB001A6A32 /* HelloWorldd.app */ = {isa = PBXFileReference; explicitFileType = wrapper.application; includeInIndex = 0; path = HelloWorldd.app; sourceTree = BUILT_PRODUCTS_DIR; };
		4BAABC1926772FCB001A6A32 /* AppDelegate.swift */ = {isa = PBXFileReference; lastKnownFileType = sourcecode.swift; path = AppDelegate.swift; sourceTree = "<group>"; };
		4BAABC1B26772FCB001A6A32 /* ViewController.swift */ = {isa = PBXFileReference; lastKnownFileType = sourcecode.swift; path = ViewController.swift; sourceTree = "<group>"; };
		4BAABC1E26772FCB001A6A32 /* Base */ = {isa = PBXFileReference; lastKnownFileType = file.storyboard; name = Base; path = Base.lproj/Main.storyboard; sourceTree = "<group>"; };
		4BAABC2126772FCB001A6A32 /* HelloWorldd.xcdatamodel */ = {isa = PBXFileReference; lastKnownFileType = wrapper.xcdatamodel; path = HelloWorldd.xcdatamodel; sourceTree = "<group>"; };
		4BAABC2326772FCC001A6A32 /* Assets.xcassets */ = {isa = PBXFileReference; lastKnownFileType = folder.assetcatalog; path = Assets.xcassets; sourceTree = "<group>"; };
		4BAABC2626772FCC001A6A32 /* Base */ = {isa = PBXFileReference; lastKnownFileType = file.storyboard; name = Base; path = Base.lproj/LaunchScreen.storyboard; sourceTree = "<group>"; };
		4BAABC2826772FCC001A6A32 /* Info.plist */ = {isa = PBXFileReference; lastKnownFileType = text.plist.xml; path = Info.plist; sourceTree = "<group>"; };
/* End PBXFileReference section */

/* Begin PBXFrameworksBuildPhase section */
		4BAABC1326772FCB001A6A32 /* Frameworks */ = {
			isa = PBXFrameworksBuildPhase;
			buildActionMask = 2147483647;
			files = (
			);
			runOnlyForDeploymentPostprocessing = 0;
		};
/* End PBXFrameworksBuildPhase section */

/* Begin PBXGroup section */
		4BAABC0D26772FCB001A6A32 = {
			isa = PBXGroup;
			children = (
				4BAABC1826772FCB001A6A32 /* HelloWorldd */,
				4BAABC1726772FCB001A6A32 /* Products */,
			);
			sourceTree = "<group>";
		};
		4BAABC1726772FCB001A6A32 /* Products */ = {
			isa = PBXGroup;
			children = (
				4BAABC1626772FCB001A6A32 /* HelloWorldd.app */,
			);
			name = Products;
			sourceTree = "<group>";
		};
		4BAABC1826772FCB001A6A32 /* HelloWorldd */ = {
			isa = PBXGroup;
			children = (
				4BAABC1926772FCB001A6A32 /* AppDelegate.swift */,
				4BAABC1B26772FCB001A6A32 /* ViewController.swift */,
				4BAABC1D26772FCB001A6A32 /* Main.storyboard */,
				4BAABC2326772FCC001A6A32 /* Assets.xcassets */,
				4BAABC2526772FCC001A6A32 /* LaunchScreen.storyboard */,
				4BAABC2826772FCC001A6A32 /* Info.plist */,
				4BAABC2026772FCB001A6A32 /* HelloWorldd.xcdatamodeld */,
			);
			path = HelloWorldd;
			sourceTree = "<group>";
		};
/* End PBXGroup section */

/* Begin PBXNativeTarget section */
		4BAABC1526772FCB001A6A32 /* HelloWorldd */ = {
			isa = PBXNativeTarget;
			buildConfigurationList = 4BAABC2B26772FCC001A6A32 /* Build configuration list for PBXNativeTarget "HelloWorldd" */;
			buildPhases = (
				4BAABC1226772FCB001A6A32 /* Sources */,
				4BAABC1326772FCB001A6A32 /* Frameworks */,
				4BAABC1426772FCB001A6A32 /* Resources */,
			);
			buildRules = (
			);
			dependencies = (
			);
			name = HelloWorldd;
			productName = HelloWorldd;
			productReference = 4BAABC1626772FCB001A6A32 /* HelloWorldd.app */;
			productType = "com.apple.product-type.application";
		};
/* End PBXNativeTarget section */

/* Begin PBXProject section */
		4BAABC0E26772FCB001A6A32 /* Project object */ = {
			isa = PBXProject;
			attributes = {
				LastSwiftUpdateCheck = 1010;
				LastUpgradeCheck = 1010;
				ORGANIZATIONNAME = mycrop;
				TargetAttributes = {
					4BAABC1526772FCB001A6A32 = {
						CreatedOnToolsVersion = 10.1;
					};
				};
			};
			buildConfigurationList = 4BAABC1126772FCB001A6A32 /* Build configuration list for PBXProject "HelloWorldd" */;
			compatibilityVersion = "Xcode 9.3";
			developmentRegion = en;
			hasScannedForEncodings = 0;
			knownRegions = (
				en,
				Base,
			);
			mainGroup = 4BAABC0D26772FCB001A6A32;
			productRefGroup = 4BAABC1726772FCB001A6A32 /* Products */;
			projectDirPath = "";
			projectRoot = "";
			targets = (
				4BAABC1526772FCB001A6A32 /* HelloWorldd */,
			);
		};
/* End PBXProject section */

/* Begin PBXResourcesBuildPhase section */
		4BAABC1426772FCB001A6A32 /* Resources */ = {
			isa = PBXResourcesBuildPhase;
			buildActionMask = 2147483647;
			files = (
				4BAABC2726772FCC001A6A32 /* LaunchScreen.storyboard in Resources */,
				4BAABC2426772FCC001A6A32 /* Assets.xcassets in Resources */,
				4BAABC1F26772FCB001A6A32 /* Main.storyboard in Resources */,
			);
			runOnlyForDeploymentPostprocessing = 0;
		};
/* End PBXResourcesBuildPhase section */

/* Begin PBXSourcesBuildPhase section */
		4BAABC1226772FCB001A6A32 /* Sources */ = {
			isa = PBXSourcesBuildPhase;
			buildActionMask = 2147483647;
			files = (
				4BAABC2226772FCB001A6A32 /* HelloWorldd.xcdatamodeld in Sources */,
				4BAABC1C26772FCB001A6A32 /* ViewController.swift in Sources */,
				4BAABC1A26772FCB001A6A32 /* AppDelegate.swift in Sources */,
			);
			runOnlyForDeploymentPostprocessing = 0;
		};
/* End PBXSourcesBuildPhase section */

/* Begin PBXVariantGroup section */
		4BAABC1D26772FCB001A6A32 /* Main.storyboard */ = {
			isa = PBXVariantGroup;
			children = (
				4BAABC1E26772FCB001A6A32 /* Base */,
			);
			name = Main.storyboard;
			sourceTree = "<group>";
		};
		4BAABC2526772FCC001A6A32 /* LaunchScreen.storyboard */ = {
			isa = PBXVariantGroup;
			children = (
				4BAABC2626772FCC001A6A32 /* Base */,
			);
			name = LaunchScreen.storyboard;
			sourceTree = "<group>";
		};
/* End PBXVariantGroup section */

/* Begin XCBuildConfiguration section */
		4BAABC2926772FCC001A6A32 /* Debug */ = {
			isa = XCBuildConfiguration;
			buildSettings = {
				ALWAYS_SEARCH_USER_PATHS = NO;
				CLANG_ANALYZER_NONNULL = YES;
				CLANG_ANALYZER_NUMBER_OBJECT_CONVERSION = YES_AGGRESSIVE;
				CLANG_CXX_LANGUAGE_STANDARD = "gnu++14";
				CLANG_CXX_LIBRARY = "libc++";
				CLANG_ENABLE_MODULES = YES;
				CLANG_ENABLE_OBJC_ARC = YES;
				CLANG_ENABLE_OBJC_WEAK = YES;
				CLANG_WARN_BLOCK_CAPTURE_AUTORELEASING = YES;
				CLANG_WARN_BOOL_CONVERSION = YES;
				CLANG_WARN_COMMA = YES;
				CLANG_WARN_CONSTANT_CONVERSION = YES;
				CLANG_WARN_DEPRECATED_OBJC_IMPLEMENTATIONS = YES;
				CLANG_WARN_DIRECT_OBJC_ISA_USAGE = YES_ERROR;
				CLANG_WARN_DOCUMENTATION_COMMENTS = YES;
				CLANG_WARN_EMPTY_BODY = YES;
				CLANG_WARN_ENUM_CONVERSION = YES;
				CLANG_WARN_INFINITE_RECURSION = YES;
				CLANG_WARN_INT_CONVERSION = YES;
				CLANG_WARN_NON_LITERAL_NULL_CONVERSION = YES;
				CLANG_WARN_OBJC_IMPLICIT_RETAIN_SELF = YES;
				CLANG_WARN_OBJC_LITERAL_CONVERSION = YES;
				CLANG_WARN_OBJC_ROOT_CLASS = YES_ERROR;
				CLANG_WARN_RANGE_LOOP_ANALYSIS = YES;
				CLANG_WARN_STRICT_PROTOTYPES = YES;
				CLANG_WARN_SUSPICIOUS_MOVE = YES;
				CLANG_WARN_UNGUARDED_AVAILABILITY = YES_AGGRESSIVE;
				CLANG_WARN_UNREACHABLE_CODE = YES;
				CLANG_WARN__DUPLICATE_METHOD_MATCH = YES;
				CODE_SIGN_IDENTITY = "iPhone Developer";
				COPY_PHASE_STRIP = NO;
				DEBUG_INFORMATION_FORMAT = dwarf;
				ENABLE_STRICT_OBJC_MSGSEND = YES;
				ENABLE_TESTABILITY = YES;
				GCC_C_LANGUAGE_STANDARD = gnu11;
				GCC_DYNAMIC_NO_PIC = NO;
				GCC_NO_COMMON_BLOCKS = YES;
				GCC_OPTIMIZATION_LEVEL = 0;
				GCC_PREPROCESSOR_DEFINITIONS = (
					"DEBUG=1",
					"$(inherited)",
				);
				GCC_WARN_64_TO_32_BIT_CONVERSION = YES;
				GCC_WARN_ABOUT_RETURN_TYPE = YES_ERROR;
				GCC_WARN_UNDECLARED_SELECTOR = YES;
				GCC_WARN_UNINITIALIZED_AUTOS = YES_AGGRESSIVE;
				GCC_WARN_UNUSED_FUNCTION = YES;
				GCC_WARN_UNUSED_VARIABLE = YES;
				IPHONEOS_DEPLOYMENT_TARGET = 12.1;
				MTL_ENABLE_DEBUG_INFO = INCLUDE_SOURCE;
				MTL_FAST_MATH = YES;
				ONLY_ACTIVE_ARCH = YES;
				SDKROOT = iphoneos;
				SWIFT_ACTIVE_COMPILATION_CONDITIONS = DEBUG;
				SWIFT_OPTIMIZATION_LEVEL = "-Onone";
			};
			name = Debug;
		};
		4BAABC2A26772FCC001A6A32 /* Release */ = {
			isa = XCBuildConfiguration;
			buildSettings = {
				ALWAYS_SEARCH_USER_PATHS = NO;
				CLANG_ANALYZER_NONNULL = YES;
				CLANG_ANALYZER_NUMBER_OBJECT_CONVERSION = YES_AGGRESSIVE;
				CLANG_CXX_LANGUAGE_STANDARD = "gnu++14";
				CLANG_CXX_LIBRARY = "libc++";
				CLANG_ENABLE_MODULES = YES;
				CLANG_ENABLE_OBJC_ARC = YES;
				CLANG_ENABLE_OBJC_WEAK = YES;
				CLANG_WARN_BLOCK_CAPTURE_AUTORELEASING = YES;
				CLANG_WARN_BOOL_CONVERSION = YES;
				CLANG_WARN_COMMA = YES;
				CLANG_WARN_CONSTANT_CONVERSION = YES;
				CLANG_WARN_DEPRECATED_OBJC_IMPLEMENTATIONS = YES;
				CLANG_WARN_DIRECT_OBJC_ISA_USAGE = YES_ERROR;
				CLANG_WARN_DOCUMENTATION_COMMENTS = YES;
				CLANG_WARN_EMPTY_BODY = YES;
				CLANG_WARN_ENUM_CONVERSION = YES;
				CLANG_WARN_INFINITE_RECURSION = YES;
				CLANG_WARN_INT_CONVERSION = YES;
				CLANG_WARN_NON_LITERAL_NULL_CONVERSION = YES;
				CLANG_WARN_OBJC_IMPLICIT_RETAIN_SELF = YES;
				CLANG_WARN_OBJC_LITERAL_CONVERSION = YES;
				CLANG_WARN_OBJC_ROOT_CLASS = YES_ERROR;
				CLANG_WARN_RANGE_LOOP_ANALYSIS = YES;
				CLANG_WARN_STRICT_PROTOTYPES = YES;
				CLANG_WARN_SUSPICIOUS_MOVE = YES;
				CLANG_WARN_UNGUARDED_AVAILABILITY = YES_AGGRESSIVE;
				CLANG_WARN_UNREACHABLE_CODE = YES;
				CLANG_WARN__DUPLICATE_METHOD_MATCH = YES;
				CODE_SIGN_IDENTITY = "iPhone Developer";
				COPY_PHASE_STRIP = NO;
				DEBUG_INFORMATION_FORMAT = "dwarf-with-dsym";
				ENABLE_NS_ASSERTIONS = NO;
				ENABLE_STRICT_OBJC_MSGSEND = YES;
				GCC_C_LANGUAGE_STANDARD = gnu11;
				GCC_NO_COMMON_BLOCKS = YES;
				GCC_WARN_64_TO_32_BIT_CONVERSION = YES;
				GCC_WARN_ABOUT_RETURN_TYPE = YES_ERROR;
				GCC_WARN_UNDECLARED_SELECTOR = YES;
				GCC_WARN_UNINITIALIZED_AUTOS = YES_AGGRESSIVE;
				GCC_WARN_UNUSED_FUNCTION = YES;
				GCC_WARN_UNUSED_VARIABLE = YES;
				IPHONEOS_DEPLOYMENT_TARGET = 12.1;
				MTL_ENABLE_DEBUG_INFO = NO;
				MTL_FAST_MATH = YES;
				SDKROOT = iphoneos;
				SWIFT_COMPILATION_MODE = wholemodule;
				SWIFT_OPTIMIZATION_LEVEL = "-O";
				VALIDATE_PRODUCT = YES;
			};
			name = Release;
		};
		4BAABC2C26772FCC001A6A32 /* Debug */ = {
			isa = XCBuildConfiguration;
			buildSettings = {
				ASSETCATALOG_COMPILER_APPICON_NAME = AppIcon;
				CODE_SIGN_STYLE = Automatic;
				INFOPLIST_FILE = HelloWorldd/Info.plist;
				LD_RUNPATH_SEARCH_PATHS = (
					"$(inherited)",
					"@executable_path/Frameworks",
				);
				PRODUCT_BUNDLE_IDENTIFIER = com.mycorp.HelloWorldd;
				PRODUCT_NAME = "$(TARGET_NAME)";
				SWIFT_VERSION = 4.2;
				TARGETED_DEVICE_FAMILY = "1,2";
			};
			name = Debug;
		};
		4BAABC2D26772FCC001A6A32 /* Release */ = {
			isa = XCBuildConfiguration;
			buildSettings = {
				ASSETCATALOG_COMPILER_APPICON_NAME = AppIcon;
				CODE_SIGN_STYLE = Automatic;
				INFOPLIST_FILE = HelloWorldd/Info.plist;
				LD_RUNPATH_SEARCH_PATHS = (
					"$(inherited)",
					"@executable_path/Frameworks",
				);
				PRODUCT_BUNDLE_IDENTIFIER = com.mycorp.HelloWorldd;
				PRODUCT_NAME = "$(TARGET_NAME)";
				SWIFT_VERSION = 4.2;
				TARGETED_DEVICE_FAMILY = "1,2";
			};
			name = Release;
		};
/* End XCBuildConfiguration section */

/* Begin XCConfigurationList section */
		4BAABC1126772FCB001A6A32 /* Build configuration list for PBXProject "HelloWorldd" */ = {
			isa = XCConfigurationList;
			buildConfigurations = (
				4BAABC2926772FCC001A6A32 /* Debug */,
				4BAABC2A26772FCC001A6A32 /* Release */,
			);
			defaultConfigurationIsVisible = 0;
			defaultConfigurationName = Release;
		};
		4BAABC2B26772FCC001A6A32 /* Build configuration list for PBXNativeTarget "HelloWorldd" */ = {
			isa = XCConfigurationList;
			buildConfigurations = (
				4BAABC2C26772FCC001A6A32 /* Debug */,
				4BAABC2D26772FCC001A6A32 /* Release */,
			);
			defaultConfigurationIsVisible = 0;
			defaultConfigurationName = Release;
		};
/* End XCConfigurationList section */

/* Begin XCVersionGroup section */
		4BAABC2026772FCB001A6A32 /* HelloWorldd.xcdatamodeld */ = {
			isa = XCVersionGroup;
			children = (
				4BAABC2126772FCB001A6A32 /* HelloWorldd.xcdatamodel */,
			);
			currentVersion = 4BAABC2126772FCB001A6A32 /* HelloWorldd.xcdatamodel */;
			path = HelloWorldd.xcdatamodeld;
			sourceTree = "<group>";
			versionGroupType = wrapper.xcdatamodel;
		};
/* End XCVersionGroup section */
	};
	rootObject = 4BAABC0E26772FCB001A6A32 /* Project object */;
}
